// !$*UTF8*$!
{
	archiveVersion = 1;
	classes = {
	};
	objectVersion = 46;
	objects = {

/* Begin PBXBuildFile section */
		4EEB682CBA070A438BA23B29 /* Pods_kapi_kaffeine.framework in Frameworks */ = {isa = PBXBuildFile; fileRef = 693D5C21ACB83D68DF6CDE6C /* Pods_kapi_kaffeine.framework */; };
		7730B5721EA8676F00D6CD55 /* KPInformationDismissTransition.swift in Sources */ = {isa = PBXBuildFile; fileRef = 7730B5711EA8676F00D6CD55 /* KPInformationDismissTransition.swift */; };
		774208ED1EA5B97300C78A00 /* KPShopCommentCell.swift in Sources */ = {isa = PBXBuildFile; fileRef = 774208EC1EA5B97300C78A00 /* KPShopCommentCell.swift */; };
		774208F11EA5F04B00C78A00 /* KPShopPhotoCell.swift in Sources */ = {isa = PBXBuildFile; fileRef = 774208F01EA5F04B00C78A00 /* KPShopPhotoCell.swift */; };
		774208F71EA61D4400C78A00 /* KPShopRecommendView.swift in Sources */ = {isa = PBXBuildFile; fileRef = 774208F61EA61D4400C78A00 /* KPShopRecommendView.swift */; };
		774208F91EA675C800C78A00 /* KPCommentModel.swift in Sources */ = {isa = PBXBuildFile; fileRef = 774208F81EA675C800C78A00 /* KPCommentModel.swift */; };
		774208FE1EA679CB00C78A00 /* KPSideViewController.swift in Sources */ = {isa = PBXBuildFile; fileRef = 774208FD1EA679CB00C78A00 /* KPSideViewController.swift */; };
		774209001EA67CE400C78A00 /* KPSliderMenuController.swift in Sources */ = {isa = PBXBuildFile; fileRef = 774208FF1EA67CE400C78A00 /* KPSliderMenuController.swift */; };
		775989911EA5171A0029989C /* KPUIImageHelper.swift in Sources */ = {isa = PBXBuildFile; fileRef = 775989901EA5171A0029989C /* KPUIImageHelper.swift */; };
		776ACAF41E9BAFA200B629A2 /* KPSearchHeaderView.swift in Sources */ = {isa = PBXBuildFile; fileRef = 776ACAF31E9BAFA200B629A2 /* KPSearchHeaderView.swift */; };
		776ACAF61E9BAFBF00B629A2 /* KPSearchTagView.swift in Sources */ = {isa = PBXBuildFile; fileRef = 776ACAF51E9BAFBF00B629A2 /* KPSearchTagView.swift */; };
		776ACAF81E9BAFE900B629A2 /* KPSearchFooterView.swift in Sources */ = {isa = PBXBuildFile; fileRef = 776ACAF71E9BAFE900B629A2 /* KPSearchFooterView.swift */; };
		776ACAFA1E9BB01B00B629A2 /* KPMainListViewController.swift in Sources */ = {isa = PBXBuildFile; fileRef = 776ACAF91E9BB01B00B629A2 /* KPMainListViewController.swift */; };
		776ACAFC1E9BB02D00B629A2 /* KPMainMapViewController.swift in Sources */ = {isa = PBXBuildFile; fileRef = 776ACAFB1E9BB02D00B629A2 /* KPMainMapViewController.swift */; };
		776ACAFF1E9BB1DE00B629A2 /* KPConstant.swift in Sources */ = {isa = PBXBuildFile; fileRef = 776ACAFE1E9BB1DE00B629A2 /* KPConstant.swift */; };
		776ACB011E9BB49E00B629A2 /* KPMainViewController.swift in Sources */ = {isa = PBXBuildFile; fileRef = 776ACB001E9BB49E00B629A2 /* KPMainViewController.swift */; };
		776ACB041E9BB8A900B629A2 /* KPSearchTagCell.swift in Sources */ = {isa = PBXBuildFile; fileRef = 776ACB031E9BB8A900B629A2 /* KPSearchTagCell.swift */; };
		776ACB061E9BE33A00B629A2 /* KPMainListTableViewCell.swift in Sources */ = {isa = PBXBuildFile; fileRef = 776ACB051E9BE33A00B629A2 /* KPMainListTableViewCell.swift */; };
		776ACB081E9BE51600B629A2 /* KPMainListCellFeatureContainer.swift in Sources */ = {isa = PBXBuildFile; fileRef = 776ACB071E9BE51600B629A2 /* KPMainListCellFeatureContainer.swift */; };
		776ACB0B1E9C783E00B629A2 /* KPInformationViewController.swift in Sources */ = {isa = PBXBuildFile; fileRef = 776ACB0A1E9C783E00B629A2 /* KPInformationViewController.swift */; };
		777DCC141EA785730055525A /* KPPhotoTransition.swift in Sources */ = {isa = PBXBuildFile; fileRef = 777DCC131EA785730055525A /* KPPhotoTransition.swift */; };
		777DCC161EA789A90055525A /* KPInformationTranstion.swift in Sources */ = {isa = PBXBuildFile; fileRef = 777DCC151EA789A90055525A /* KPInformationTranstion.swift */; };
		778521811EA3C91C00EA59D9 /* KPInformationHeaderButton.swift in Sources */ = {isa = PBXBuildFile; fileRef = 778521801EA3C91C00EA59D9 /* KPInformationHeaderButton.swift */; };
		77B66FA11EA91477008B6652 /* KPRegionTableViewCell.swift in Sources */ = {isa = PBXBuildFile; fileRef = 77B66FA01EA91477008B6652 /* KPRegionTableViewCell.swift */; };
		77B66FA31EA91488008B6652 /* KPCityTableViewCell.swift in Sources */ = {isa = PBXBuildFile; fileRef = 77B66FA21EA91488008B6652 /* KPCityTableViewCell.swift */; };
		77B66FA61EAA70F3008B6652 /* KPBounceButton.swift in Sources */ = {isa = PBXBuildFile; fileRef = 77B66FA51EAA70F3008B6652 /* KPBounceButton.swift */; };
		77B66FA91EACF74C008B6652 /* KPPopoverSensingView.swift in Sources */ = {isa = PBXBuildFile; fileRef = 77B66FA81EACF74C008B6652 /* KPPopoverSensingView.swift */; };
		77B66FAE1EAD07F3008B6652 /* KPModalViewController.swift in Sources */ = {isa = PBXBuildFile; fileRef = 77B66FAD1EAD07F3008B6652 /* KPModalViewController.swift */; };
		77B66FB01EAD17DA008B6652 /* KPSettingViewController.swift in Sources */ = {isa = PBXBuildFile; fileRef = 77B66FAF1EAD17DA008B6652 /* KPSettingViewController.swift */; };
		77C0E0FA1E9D3D7500398852 /* KPSearchFooterCell.swift in Sources */ = {isa = PBXBuildFile; fileRef = 77C0E0F91E9D3D7500398852 /* KPSearchFooterCell.swift */; };
		77C0E0FD1E9D489900398852 /* KPInformationHeaderView.swift in Sources */ = {isa = PBXBuildFile; fileRef = 77C0E0FC1E9D489900398852 /* KPInformationHeaderView.swift */; };
		77C0E0FF1E9D48BC00398852 /* KPInformationSharedInfoView.swift in Sources */ = {isa = PBXBuildFile; fileRef = 77C0E0FE1E9D48BC00398852 /* KPInformationSharedInfoView.swift */; };
		77C0E1021E9D48E000398852 /* KPShopInfoView.swift in Sources */ = {isa = PBXBuildFile; fileRef = 77C0E1011E9D48E000398852 /* KPShopInfoView.swift */; };
		77C0E1051E9D48F500398852 /* KPShopLocationInfoView.swift in Sources */ = {isa = PBXBuildFile; fileRef = 77C0E1041E9D48F500398852 /* KPShopLocationInfoView.swift */; };
		77C0E1081E9D491D00398852 /* KPShopRateInfoView.swift in Sources */ = {isa = PBXBuildFile; fileRef = 77C0E1071E9D491D00398852 /* KPShopRateInfoView.swift */; };
		77C0E10A1E9D493400398852 /* KPShopCommentInfoView.swift in Sources */ = {isa = PBXBuildFile; fileRef = 77C0E1091E9D493400398852 /* KPShopCommentInfoView.swift */; };
		77C0E10C1E9D494400398852 /* KPShopPhotoInfoView.swift in Sources */ = {isa = PBXBuildFile; fileRef = 77C0E10B1E9D494400398852 /* KPShopPhotoInfoView.swift */; };
		77FB63961E9AA7BB00FFC3DC /* KPDataModel.swift in Sources */ = {isa = PBXBuildFile; fileRef = 77FB63951E9AA7BB00FFC3DC /* KPDataModel.swift */; };
		C00CD5341E95234A00A3CB6F /* style.json in Resources */ = {isa = PBXBuildFile; fileRef = C00CD5331E95234A00A3CB6F /* style.json */; };
		C02881CB1E9CF1E200776E28 /* KPMainMapMarkerInfoWindow.swift in Sources */ = {isa = PBXBuildFile; fileRef = C02881CA1E9CF1E200776E28 /* KPMainMapMarkerInfoWindow.swift */; };
		C02AFE451E7D260D008FFB33 /* AppDelegate.swift in Sources */ = {isa = PBXBuildFile; fileRef = C02AFE441E7D260D008FFB33 /* AppDelegate.swift */; };
		C02AFE471E7D260D008FFB33 /* ViewController.swift in Sources */ = {isa = PBXBuildFile; fileRef = C02AFE461E7D260D008FFB33 /* ViewController.swift */; };
		C02AFE4A1E7D260D008FFB33 /* Main.storyboard in Resources */ = {isa = PBXBuildFile; fileRef = C02AFE481E7D260D008FFB33 /* Main.storyboard */; };
		C02AFE4C1E7D260D008FFB33 /* Assets.xcassets in Resources */ = {isa = PBXBuildFile; fileRef = C02AFE4B1E7D260D008FFB33 /* Assets.xcassets */; };
		C02AFE4F1E7D260D008FFB33 /* LaunchScreen.storyboard in Resources */ = {isa = PBXBuildFile; fileRef = C02AFE4D1E7D260D008FFB33 /* LaunchScreen.storyboard */; };
		C02AFE5A1E7D260D008FFB33 /* kapi_kaffeineTests.swift in Sources */ = {isa = PBXBuildFile; fileRef = C02AFE591E7D260D008FFB33 /* kapi_kaffeineTests.swift */; };
		C02AFE651E7D260D008FFB33 /* kapi_kaffeineUITests.swift in Sources */ = {isa = PBXBuildFile; fileRef = C02AFE641E7D260D008FFB33 /* kapi_kaffeineUITests.swift */; };
		C031E9071EA5F0BF00E87FB1 /* KPLocationManager.swift in Sources */ = {isa = PBXBuildFile; fileRef = C031E9061EA5F0BF00E87FB1 /* KPLocationManager.swift */; };
		C0409E1F1E954F1A00C302FF /* cafes.json in Resources */ = {isa = PBXBuildFile; fileRef = C0409E1E1E954F1A00C302FF /* cafes.json */; };
		C0B49D971EA13BC100BA95D8 /* KPMainMapViewCollectionCell.swift in Sources */ = {isa = PBXBuildFile; fileRef = C0B49D961EA13BC100BA95D8 /* KPMainMapViewCollectionCell.swift */; };
/* End PBXBuildFile section */

/* Begin PBXContainerItemProxy section */
		C02AFE561E7D260D008FFB33 /* PBXContainerItemProxy */ = {
			isa = PBXContainerItemProxy;
			containerPortal = C02AFE391E7D260D008FFB33 /* Project object */;
			proxyType = 1;
			remoteGlobalIDString = C02AFE401E7D260D008FFB33;
			remoteInfo = "kapi-kaffeine";
		};
		C02AFE611E7D260D008FFB33 /* PBXContainerItemProxy */ = {
			isa = PBXContainerItemProxy;
			containerPortal = C02AFE391E7D260D008FFB33 /* Project object */;
			proxyType = 1;
			remoteGlobalIDString = C02AFE401E7D260D008FFB33;
			remoteInfo = "kapi-kaffeine";
		};
/* End PBXContainerItemProxy section */

/* Begin PBXFileReference section */
		5C9A071EB11610BEDE083D59 /* Pods_kapi_kaffeineUITests.framework */ = {isa = PBXFileReference; explicitFileType = wrapper.framework; includeInIndex = 0; path = Pods_kapi_kaffeineUITests.framework; sourceTree = BUILT_PRODUCTS_DIR; };
		605CB2E5F236FDDFFE502CB5 /* Pods-kapi-kaffeine.release.xcconfig */ = {isa = PBXFileReference; includeInIndex = 1; lastKnownFileType = text.xcconfig; name = "Pods-kapi-kaffeine.release.xcconfig"; path = "../Pods/Target Support Files/Pods-kapi-kaffeine/Pods-kapi-kaffeine.release.xcconfig"; sourceTree = "<group>"; };
		693D5C21ACB83D68DF6CDE6C /* Pods_kapi_kaffeine.framework */ = {isa = PBXFileReference; explicitFileType = wrapper.framework; includeInIndex = 0; path = Pods_kapi_kaffeine.framework; sourceTree = BUILT_PRODUCTS_DIR; };
		7730B5711EA8676F00D6CD55 /* KPInformationDismissTransition.swift */ = {isa = PBXFileReference; fileEncoding = 4; lastKnownFileType = sourcecode.swift; path = KPInformationDismissTransition.swift; sourceTree = "<group>"; };
		774208EC1EA5B97300C78A00 /* KPShopCommentCell.swift */ = {isa = PBXFileReference; fileEncoding = 4; lastKnownFileType = sourcecode.swift; path = KPShopCommentCell.swift; sourceTree = "<group>"; };
		774208F01EA5F04B00C78A00 /* KPShopPhotoCell.swift */ = {isa = PBXFileReference; fileEncoding = 4; lastKnownFileType = sourcecode.swift; path = KPShopPhotoCell.swift; sourceTree = "<group>"; };
		774208F61EA61D4400C78A00 /* KPShopRecommendView.swift */ = {isa = PBXFileReference; fileEncoding = 4; lastKnownFileType = sourcecode.swift; path = KPShopRecommendView.swift; sourceTree = "<group>"; };
		774208F81EA675C800C78A00 /* KPCommentModel.swift */ = {isa = PBXFileReference; fileEncoding = 4; lastKnownFileType = sourcecode.swift; path = KPCommentModel.swift; sourceTree = "<group>"; };
		774208FD1EA679CB00C78A00 /* KPSideViewController.swift */ = {isa = PBXFileReference; fileEncoding = 4; lastKnownFileType = sourcecode.swift; path = KPSideViewController.swift; sourceTree = "<group>"; };
		774208FF1EA67CE400C78A00 /* KPSliderMenuController.swift */ = {isa = PBXFileReference; fileEncoding = 4; lastKnownFileType = sourcecode.swift; path = KPSliderMenuController.swift; sourceTree = "<group>"; };
		775989901EA5171A0029989C /* KPUIImageHelper.swift */ = {isa = PBXFileReference; fileEncoding = 4; lastKnownFileType = sourcecode.swift; path = KPUIImageHelper.swift; sourceTree = "<group>"; };
		776ACAF31E9BAFA200B629A2 /* KPSearchHeaderView.swift */ = {isa = PBXFileReference; fileEncoding = 4; lastKnownFileType = sourcecode.swift; path = KPSearchHeaderView.swift; sourceTree = "<group>"; };
		776ACAF51E9BAFBF00B629A2 /* KPSearchTagView.swift */ = {isa = PBXFileReference; fileEncoding = 4; lastKnownFileType = sourcecode.swift; path = KPSearchTagView.swift; sourceTree = "<group>"; };
		776ACAF71E9BAFE900B629A2 /* KPSearchFooterView.swift */ = {isa = PBXFileReference; fileEncoding = 4; lastKnownFileType = sourcecode.swift; path = KPSearchFooterView.swift; sourceTree = "<group>"; };
		776ACAF91E9BB01B00B629A2 /* KPMainListViewController.swift */ = {isa = PBXFileReference; fileEncoding = 4; lastKnownFileType = sourcecode.swift; path = KPMainListViewController.swift; sourceTree = "<group>"; };
		776ACAFB1E9BB02D00B629A2 /* KPMainMapViewController.swift */ = {isa = PBXFileReference; fileEncoding = 4; lastKnownFileType = sourcecode.swift; path = KPMainMapViewController.swift; sourceTree = "<group>"; };
		776ACAFE1E9BB1DE00B629A2 /* KPConstant.swift */ = {isa = PBXFileReference; fileEncoding = 4; lastKnownFileType = sourcecode.swift; path = KPConstant.swift; sourceTree = "<group>"; };
		776ACB001E9BB49E00B629A2 /* KPMainViewController.swift */ = {isa = PBXFileReference; fileEncoding = 4; lastKnownFileType = sourcecode.swift; path = KPMainViewController.swift; sourceTree = "<group>"; };
		776ACB031E9BB8A900B629A2 /* KPSearchTagCell.swift */ = {isa = PBXFileReference; fileEncoding = 4; lastKnownFileType = sourcecode.swift; path = KPSearchTagCell.swift; sourceTree = "<group>"; };
		776ACB051E9BE33A00B629A2 /* KPMainListTableViewCell.swift */ = {isa = PBXFileReference; fileEncoding = 4; lastKnownFileType = sourcecode.swift; path = KPMainListTableViewCell.swift; sourceTree = "<group>"; };
		776ACB071E9BE51600B629A2 /* KPMainListCellFeatureContainer.swift */ = {isa = PBXFileReference; fileEncoding = 4; lastKnownFileType = sourcecode.swift; path = KPMainListCellFeatureContainer.swift; sourceTree = "<group>"; };
		776ACB0A1E9C783E00B629A2 /* KPInformationViewController.swift */ = {isa = PBXFileReference; fileEncoding = 4; lastKnownFileType = sourcecode.swift; path = KPInformationViewController.swift; sourceTree = "<group>"; };
		777DCC131EA785730055525A /* KPPhotoTransition.swift */ = {isa = PBXFileReference; fileEncoding = 4; lastKnownFileType = sourcecode.swift; path = KPPhotoTransition.swift; sourceTree = "<group>"; };
		777DCC151EA789A90055525A /* KPInformationTranstion.swift */ = {isa = PBXFileReference; fileEncoding = 4; lastKnownFileType = sourcecode.swift; path = KPInformationTranstion.swift; sourceTree = "<group>"; };
		778521801EA3C91C00EA59D9 /* KPInformationHeaderButton.swift */ = {isa = PBXFileReference; fileEncoding = 4; lastKnownFileType = sourcecode.swift; path = KPInformationHeaderButton.swift; sourceTree = "<group>"; };
		77B66FA01EA91477008B6652 /* KPRegionTableViewCell.swift */ = {isa = PBXFileReference; fileEncoding = 4; lastKnownFileType = sourcecode.swift; path = KPRegionTableViewCell.swift; sourceTree = "<group>"; };
		77B66FA21EA91488008B6652 /* KPCityTableViewCell.swift */ = {isa = PBXFileReference; fileEncoding = 4; lastKnownFileType = sourcecode.swift; path = KPCityTableViewCell.swift; sourceTree = "<group>"; };
		77B66FA51EAA70F3008B6652 /* KPBounceButton.swift */ = {isa = PBXFileReference; fileEncoding = 4; lastKnownFileType = sourcecode.swift; path = KPBounceButton.swift; sourceTree = "<group>"; };
		77B66FA81EACF74C008B6652 /* KPPopoverSensingView.swift */ = {isa = PBXFileReference; fileEncoding = 4; lastKnownFileType = sourcecode.swift; path = KPPopoverSensingView.swift; sourceTree = "<group>"; };
		77B66FAD1EAD07F3008B6652 /* KPModalViewController.swift */ = {isa = PBXFileReference; fileEncoding = 4; lastKnownFileType = sourcecode.swift; path = KPModalViewController.swift; sourceTree = "<group>"; };
		77B66FAF1EAD17DA008B6652 /* KPSettingViewController.swift */ = {isa = PBXFileReference; fileEncoding = 4; lastKnownFileType = sourcecode.swift; path = KPSettingViewController.swift; sourceTree = "<group>"; };
		77C0E0F91E9D3D7500398852 /* KPSearchFooterCell.swift */ = {isa = PBXFileReference; fileEncoding = 4; lastKnownFileType = sourcecode.swift; path = KPSearchFooterCell.swift; sourceTree = "<group>"; };
		77C0E0FC1E9D489900398852 /* KPInformationHeaderView.swift */ = {isa = PBXFileReference; fileEncoding = 4; lastKnownFileType = sourcecode.swift; path = KPInformationHeaderView.swift; sourceTree = "<group>"; };
		77C0E0FE1E9D48BC00398852 /* KPInformationSharedInfoView.swift */ = {isa = PBXFileReference; fileEncoding = 4; lastKnownFileType = sourcecode.swift; path = KPInformationSharedInfoView.swift; sourceTree = "<group>"; };
		77C0E1011E9D48E000398852 /* KPShopInfoView.swift */ = {isa = PBXFileReference; fileEncoding = 4; lastKnownFileType = sourcecode.swift; path = KPShopInfoView.swift; sourceTree = "<group>"; };
		77C0E1041E9D48F500398852 /* KPShopLocationInfoView.swift */ = {isa = PBXFileReference; fileEncoding = 4; lastKnownFileType = sourcecode.swift; path = KPShopLocationInfoView.swift; sourceTree = "<group>"; };
		77C0E1071E9D491D00398852 /* KPShopRateInfoView.swift */ = {isa = PBXFileReference; fileEncoding = 4; lastKnownFileType = sourcecode.swift; path = KPShopRateInfoView.swift; sourceTree = "<group>"; };
		77C0E1091E9D493400398852 /* KPShopCommentInfoView.swift */ = {isa = PBXFileReference; fileEncoding = 4; lastKnownFileType = sourcecode.swift; path = KPShopCommentInfoView.swift; sourceTree = "<group>"; };
		77C0E10B1E9D494400398852 /* KPShopPhotoInfoView.swift */ = {isa = PBXFileReference; fileEncoding = 4; lastKnownFileType = sourcecode.swift; path = KPShopPhotoInfoView.swift; sourceTree = "<group>"; };
		77FB63951E9AA7BB00FFC3DC /* KPDataModel.swift */ = {isa = PBXFileReference; fileEncoding = 4; lastKnownFileType = sourcecode.swift; path = KPDataModel.swift; sourceTree = "<group>"; };
		C00CD5331E95234A00A3CB6F /* style.json */ = {isa = PBXFileReference; fileEncoding = 4; lastKnownFileType = text.json; path = style.json; sourceTree = "<group>"; };
		C02881CA1E9CF1E200776E28 /* KPMainMapMarkerInfoWindow.swift */ = {isa = PBXFileReference; fileEncoding = 4; lastKnownFileType = sourcecode.swift; path = KPMainMapMarkerInfoWindow.swift; sourceTree = "<group>"; };
		C02AFE411E7D260D008FFB33 /* kapi-kaffeine.app */ = {isa = PBXFileReference; explicitFileType = wrapper.application; includeInIndex = 0; path = "kapi-kaffeine.app"; sourceTree = BUILT_PRODUCTS_DIR; };
		C02AFE441E7D260D008FFB33 /* AppDelegate.swift */ = {isa = PBXFileReference; lastKnownFileType = sourcecode.swift; path = AppDelegate.swift; sourceTree = "<group>"; };
		C02AFE461E7D260D008FFB33 /* ViewController.swift */ = {isa = PBXFileReference; lastKnownFileType = sourcecode.swift; path = ViewController.swift; sourceTree = "<group>"; };
		C02AFE491E7D260D008FFB33 /* Base */ = {isa = PBXFileReference; lastKnownFileType = file.storyboard; name = Base; path = Base.lproj/Main.storyboard; sourceTree = "<group>"; };
		C02AFE4B1E7D260D008FFB33 /* Assets.xcassets */ = {isa = PBXFileReference; lastKnownFileType = folder.assetcatalog; path = Assets.xcassets; sourceTree = "<group>"; };
		C02AFE4E1E7D260D008FFB33 /* Base */ = {isa = PBXFileReference; lastKnownFileType = file.storyboard; name = Base; path = Base.lproj/LaunchScreen.storyboard; sourceTree = "<group>"; };
		C02AFE501E7D260D008FFB33 /* Info.plist */ = {isa = PBXFileReference; lastKnownFileType = text.plist.xml; path = Info.plist; sourceTree = "<group>"; };
		C02AFE551E7D260D008FFB33 /* kapi-kaffeineTests.xctest */ = {isa = PBXFileReference; explicitFileType = wrapper.cfbundle; includeInIndex = 0; path = "kapi-kaffeineTests.xctest"; sourceTree = BUILT_PRODUCTS_DIR; };
		C02AFE591E7D260D008FFB33 /* kapi_kaffeineTests.swift */ = {isa = PBXFileReference; lastKnownFileType = sourcecode.swift; path = kapi_kaffeineTests.swift; sourceTree = "<group>"; };
		C02AFE5B1E7D260D008FFB33 /* Info.plist */ = {isa = PBXFileReference; lastKnownFileType = text.plist.xml; path = Info.plist; sourceTree = "<group>"; };
		C02AFE601E7D260D008FFB33 /* kapi-kaffeineUITests.xctest */ = {isa = PBXFileReference; explicitFileType = wrapper.cfbundle; includeInIndex = 0; path = "kapi-kaffeineUITests.xctest"; sourceTree = BUILT_PRODUCTS_DIR; };
		C02AFE641E7D260D008FFB33 /* kapi_kaffeineUITests.swift */ = {isa = PBXFileReference; lastKnownFileType = sourcecode.swift; path = kapi_kaffeineUITests.swift; sourceTree = "<group>"; };
		C02AFE661E7D260D008FFB33 /* Info.plist */ = {isa = PBXFileReference; lastKnownFileType = text.plist.xml; path = Info.plist; sourceTree = "<group>"; };
		C031E9061EA5F0BF00E87FB1 /* KPLocationManager.swift */ = {isa = PBXFileReference; fileEncoding = 4; lastKnownFileType = sourcecode.swift; path = KPLocationManager.swift; sourceTree = "<group>"; };
		C0409E1E1E954F1A00C302FF /* cafes.json */ = {isa = PBXFileReference; fileEncoding = 4; lastKnownFileType = text.json; path = cafes.json; sourceTree = "<group>"; };
		C0B49D961EA13BC100BA95D8 /* KPMainMapViewCollectionCell.swift */ = {isa = PBXFileReference; fileEncoding = 4; lastKnownFileType = sourcecode.swift; path = KPMainMapViewCollectionCell.swift; sourceTree = "<group>"; };
		CA73E4544076455C6DC0C065 /* Pods-kapi-kaffeine.debug.xcconfig */ = {isa = PBXFileReference; includeInIndex = 1; lastKnownFileType = text.xcconfig; name = "Pods-kapi-kaffeine.debug.xcconfig"; path = "../Pods/Target Support Files/Pods-kapi-kaffeine/Pods-kapi-kaffeine.debug.xcconfig"; sourceTree = "<group>"; };
		FA9A4A083D5D704A746B1C9A /* Pods_kapi_kaffeineTests.framework */ = {isa = PBXFileReference; explicitFileType = wrapper.framework; includeInIndex = 0; path = Pods_kapi_kaffeineTests.framework; sourceTree = BUILT_PRODUCTS_DIR; };
/* End PBXFileReference section */

/* Begin PBXFrameworksBuildPhase section */
		C02AFE3E1E7D260D008FFB33 /* Frameworks */ = {
			isa = PBXFrameworksBuildPhase;
			buildActionMask = 2147483647;
			files = (
				4EEB682CBA070A438BA23B29 /* Pods_kapi_kaffeine.framework in Frameworks */,
			);
			runOnlyForDeploymentPostprocessing = 0;
		};
		C02AFE521E7D260D008FFB33 /* Frameworks */ = {
			isa = PBXFrameworksBuildPhase;
			buildActionMask = 2147483647;
			files = (
			);
			runOnlyForDeploymentPostprocessing = 0;
		};
		C02AFE5D1E7D260D008FFB33 /* Frameworks */ = {
			isa = PBXFrameworksBuildPhase;
			buildActionMask = 2147483647;
			files = (
			);
			runOnlyForDeploymentPostprocessing = 0;
		};
/* End PBXFrameworksBuildPhase section */

/* Begin PBXGroup section */
		528BE283388423B3C39986B2 /* Pods */ = {
			isa = PBXGroup;
			children = (
				CA73E4544076455C6DC0C065 /* Pods-kapi-kaffeine.debug.xcconfig */,
				605CB2E5F236FDDFFE502CB5 /* Pods-kapi-kaffeine.release.xcconfig */,
			);
			name = Pods;
			sourceTree = "<group>";
		};
		54FAC649B6938A296E79D067 /* Frameworks */ = {
			isa = PBXGroup;
			children = (
				693D5C21ACB83D68DF6CDE6C /* Pods_kapi_kaffeine.framework */,
				FA9A4A083D5D704A746B1C9A /* Pods_kapi_kaffeineTests.framework */,
				5C9A071EB11610BEDE083D59 /* Pods_kapi_kaffeineUITests.framework */,
			);
			name = Frameworks;
			sourceTree = "<group>";
		};
		774208EE1EA5B97F00C78A00 /* Comment */ = {
			isa = PBXGroup;
			children = (
				77C0E1091E9D493400398852 /* KPShopCommentInfoView.swift */,
				774208EC1EA5B97300C78A00 /* KPShopCommentCell.swift */,
			);
			name = Comment;
			sourceTree = "<group>";
		};
		774208EF1EA5EFF700C78A00 /* Photo */ = {
			isa = PBXGroup;
			children = (
				77C0E10B1E9D494400398852 /* KPShopPhotoInfoView.swift */,
				774208F01EA5F04B00C78A00 /* KPShopPhotoCell.swift */,
			);
			name = Photo;
			sourceTree = "<group>";
		};
		774208F21EA5F40E00C78A00 /* Info */ = {
			isa = PBXGroup;
			children = (
				77C0E1011E9D48E000398852 /* KPShopInfoView.swift */,
			);
			name = Info;
			sourceTree = "<group>";
		};
		774208F31EA5F41400C78A00 /* Location */ = {
			isa = PBXGroup;
			children = (
				77C0E1041E9D48F500398852 /* KPShopLocationInfoView.swift */,
			);
			name = Location;
			sourceTree = "<group>";
		};
		774208F41EA5F41E00C78A00 /* Rate */ = {
			isa = PBXGroup;
			children = (
				77C0E1071E9D491D00398852 /* KPShopRateInfoView.swift */,
			);
			name = Rate;
			sourceTree = "<group>";
		};
		774208F51EA61D2B00C78A00 /* Recommend */ = {
			isa = PBXGroup;
			children = (
				774208F61EA61D4400C78A00 /* KPShopRecommendView.swift */,
			);
			name = Recommend;
			sourceTree = "<group>";
		};
		774208FA1EA6799600C78A00 /* SideController */ = {
			isa = PBXGroup;
			children = (
				77B66F9F1EA91451008B6652 /* View */,
				774208FD1EA679CB00C78A00 /* KPSideViewController.swift */,
				774208FF1EA67CE400C78A00 /* KPSliderMenuController.swift */,
				77B66FAF1EAD17DA008B6652 /* KPSettingViewController.swift */,
			);
			name = SideController;
			sourceTree = "<group>";
		};
		776ACAED1E9BAE0200B629A2 /* View */ = {
			isa = PBXGroup;
			children = (
				776ACAF31E9BAFA200B629A2 /* KPSearchHeaderView.swift */,
				776ACAF71E9BAFE900B629A2 /* KPSearchFooterView.swift */,
				77C0E0F91E9D3D7500398852 /* KPSearchFooterCell.swift */,
				776ACB021E9BB88600B629A2 /* KPSearchTagView */,
			);
			name = View;
			sourceTree = "<group>";
		};
		776ACAEF1E9BAE3A00B629A2 /* MainController */ = {
			isa = PBXGroup;
			children = (
				776ACB001E9BB49E00B629A2 /* KPMainViewController.swift */,
				C0B49D921EA11C3200BA95D8 /* List View */,
				C0B49D931EA11C4700BA95D8 /* Map View */,
				776ACAED1E9BAE0200B629A2 /* View */,
			);
			name = MainController;
			sourceTree = "<group>";
		};
		776ACAFD1E9BB18100B629A2 /* Shared Class */ = {
			isa = PBXGroup;
			children = (
				77B66FAC1EAD07B9008B6652 /* Controller */,
				77B66FA71EACF724008B6652 /* Shared View */,
				776ACAFE1E9BB1DE00B629A2 /* KPConstant.swift */,
				775989901EA5171A0029989C /* KPUIImageHelper.swift */,
				77B66FA41EAA7091008B6652 /* Custom */,
				777DCC121EA785430055525A /* Transition */,
				77FB63941E9AA75900FFC3DC /* Model */,
				C031E9061EA5F0BF00E87FB1 /* KPLocationManager.swift */,
			);
			name = "Shared Class";
			sourceTree = "<group>";
		};
		776ACB021E9BB88600B629A2 /* KPSearchTagView */ = {
			isa = PBXGroup;
			children = (
				776ACAF51E9BAFBF00B629A2 /* KPSearchTagView.swift */,
				776ACB031E9BB8A900B629A2 /* KPSearchTagCell.swift */,
			);
			name = KPSearchTagView;
			sourceTree = "<group>";
		};
		776ACB091E9C781000B629A2 /* InformationController */ = {
			isa = PBXGroup;
			children = (
				776ACB0A1E9C783E00B629A2 /* KPInformationViewController.swift */,
				77C0E0FB1E9D487800398852 /* View */,
			);
			name = InformationController;
			sourceTree = "<group>";
		};
		777DCC121EA785430055525A /* Transition */ = {
			isa = PBXGroup;
			children = (
				777DCC131EA785730055525A /* KPPhotoTransition.swift */,
				777DCC151EA789A90055525A /* KPInformationTranstion.swift */,
				7730B5711EA8676F00D6CD55 /* KPInformationDismissTransition.swift */,
			);
			name = Transition;
			sourceTree = "<group>";
		};
		77B66F9F1EA91451008B6652 /* View */ = {
			isa = PBXGroup;
			children = (
				77B66FA01EA91477008B6652 /* KPRegionTableViewCell.swift */,
				77B66FA21EA91488008B6652 /* KPCityTableViewCell.swift */,
			);
			name = View;
			sourceTree = "<group>";
		};
		77B66FA41EAA7091008B6652 /* Custom */ = {
			isa = PBXGroup;
			children = (
				77B66FA51EAA70F3008B6652 /* KPBounceButton.swift */,
			);
			name = Custom;
			sourceTree = "<group>";
		};
		77B66FA71EACF724008B6652 /* Shared View */ = {
			isa = PBXGroup;
			children = (
				77B66FA81EACF74C008B6652 /* KPPopoverSensingView.swift */,
			);
			name = "Shared View";
			sourceTree = "<group>";
		};
		77B66FAC1EAD07B9008B6652 /* Controller */ = {
			isa = PBXGroup;
			children = (
				77B66FAD1EAD07F3008B6652 /* KPModalViewController.swift */,
			);
			name = Controller;
			sourceTree = "<group>";
		};
		77C0E0FB1E9D487800398852 /* View */ = {
			isa = PBXGroup;
			children = (
				77C0E1001E9D48BF00398852 /* Information View */,
				77C0E0FC1E9D489900398852 /* KPInformationHeaderView.swift */,
				778521801EA3C91C00EA59D9 /* KPInformationHeaderButton.swift */,
				77C0E0FE1E9D48BC00398852 /* KPInformationSharedInfoView.swift */,
			);
			name = View;
			sourceTree = "<group>";
		};
		77C0E1001E9D48BF00398852 /* Information View */ = {
			isa = PBXGroup;
			children = (
				774208F51EA61D2B00C78A00 /* Recommend */,
				774208F41EA5F41E00C78A00 /* Rate */,
				774208F31EA5F41400C78A00 /* Location */,
				774208F21EA5F40E00C78A00 /* Info */,
				774208EE1EA5B97F00C78A00 /* Comment */,
				774208EF1EA5EFF700C78A00 /* Photo */,
			);
			name = "Information View";
			sourceTree = "<group>";
		};
		77FB63941E9AA75900FFC3DC /* Model */ = {
			isa = PBXGroup;
			children = (
				77FB63951E9AA7BB00FFC3DC /* KPDataModel.swift */,
				774208F81EA675C800C78A00 /* KPCommentModel.swift */,
			);
			name = Model;
			sourceTree = "<group>";
		};
		C02AFE381E7D260D008FFB33 = {
			isa = PBXGroup;
			children = (
				C02AFE431E7D260D008FFB33 /* kapi-kaffeine */,
				C02AFE581E7D260D008FFB33 /* kapi-kaffeineTests */,
				C02AFE631E7D260D008FFB33 /* kapi-kaffeineUITests */,
				C02AFE421E7D260D008FFB33 /* Products */,
				528BE283388423B3C39986B2 /* Pods */,
				54FAC649B6938A296E79D067 /* Frameworks */,
			);
			sourceTree = "<group>";
		};
		C02AFE421E7D260D008FFB33 /* Products */ = {
			isa = PBXGroup;
			children = (
				C02AFE411E7D260D008FFB33 /* kapi-kaffeine.app */,
				C02AFE551E7D260D008FFB33 /* kapi-kaffeineTests.xctest */,
				C02AFE601E7D260D008FFB33 /* kapi-kaffeineUITests.xctest */,
			);
			name = Products;
			sourceTree = "<group>";
		};
		C02AFE431E7D260D008FFB33 /* kapi-kaffeine */ = {
			isa = PBXGroup;
			children = (
				774208FA1EA6799600C78A00 /* SideController */,
				776ACAFD1E9BB18100B629A2 /* Shared Class */,
				776ACAEF1E9BAE3A00B629A2 /* MainController */,
				776ACB091E9C781000B629A2 /* InformationController */,
				C02AFE441E7D260D008FFB33 /* AppDelegate.swift */,
				C02AFE461E7D260D008FFB33 /* ViewController.swift */,
				C02AFE481E7D260D008FFB33 /* Main.storyboard */,
				C02AFE4B1E7D260D008FFB33 /* Assets.xcassets */,
				C02AFE4D1E7D260D008FFB33 /* LaunchScreen.storyboard */,
				C02AFE501E7D260D008FFB33 /* Info.plist */,
				C00CD5331E95234A00A3CB6F /* style.json */,
				C0409E1E1E954F1A00C302FF /* cafes.json */,
			);
			path = "kapi-kaffeine";
			sourceTree = "<group>";
		};
		C02AFE581E7D260D008FFB33 /* kapi-kaffeineTests */ = {
			isa = PBXGroup;
			children = (
				C02AFE591E7D260D008FFB33 /* kapi_kaffeineTests.swift */,
				C02AFE5B1E7D260D008FFB33 /* Info.plist */,
			);
			path = "kapi-kaffeineTests";
			sourceTree = "<group>";
		};
		C02AFE631E7D260D008FFB33 /* kapi-kaffeineUITests */ = {
			isa = PBXGroup;
			children = (
				C02AFE641E7D260D008FFB33 /* kapi_kaffeineUITests.swift */,
				C02AFE661E7D260D008FFB33 /* Info.plist */,
			);
			path = "kapi-kaffeineUITests";
			sourceTree = "<group>";
		};
		C0B49D921EA11C3200BA95D8 /* List View */ = {
			isa = PBXGroup;
			children = (
				776ACAF91E9BB01B00B629A2 /* KPMainListViewController.swift */,
				C0B49D941EA11C5C00BA95D8 /* View */,
			);
			name = "List View";
			sourceTree = "<group>";
		};
		C0B49D931EA11C4700BA95D8 /* Map View */ = {
			isa = PBXGroup;
			children = (
				776ACAFB1E9BB02D00B629A2 /* KPMainMapViewController.swift */,
				C0B49D951EA11C8E00BA95D8 /* View */,
			);
			name = "Map View";
			sourceTree = "<group>";
		};
		C0B49D941EA11C5C00BA95D8 /* View */ = {
			isa = PBXGroup;
			children = (
				776ACB051E9BE33A00B629A2 /* KPMainListTableViewCell.swift */,
				776ACB071E9BE51600B629A2 /* KPMainListCellFeatureContainer.swift */,
			);
			name = View;
			sourceTree = "<group>";
		};
		C0B49D951EA11C8E00BA95D8 /* View */ = {
			isa = PBXGroup;
			children = (
				C02881CA1E9CF1E200776E28 /* KPMainMapMarkerInfoWindow.swift */,
				C0B49D961EA13BC100BA95D8 /* KPMainMapViewCollectionCell.swift */,
			);
			name = View;
			sourceTree = "<group>";
		};
/* End PBXGroup section */

/* Begin PBXNativeTarget section */
		C02AFE401E7D260D008FFB33 /* kapi-kaffeine */ = {
			isa = PBXNativeTarget;
			buildConfigurationList = C02AFE691E7D260D008FFB33 /* Build configuration list for PBXNativeTarget "kapi-kaffeine" */;
			buildPhases = (
				58F90679B69E9D32C74F8BAF /* [CP] Check Pods Manifest.lock */,
				C02AFE3D1E7D260D008FFB33 /* Sources */,
				C02AFE3E1E7D260D008FFB33 /* Frameworks */,
				C02AFE3F1E7D260D008FFB33 /* Resources */,
				5C7BF539A61DEDBAA160731E /* [CP] Embed Pods Frameworks */,
				1C2519745C54F46C9A5A4965 /* [CP] Copy Pods Resources */,
			);
			buildRules = (
			);
			dependencies = (
			);
			name = "kapi-kaffeine";
			productName = "kapi-kaffeine";
			productReference = C02AFE411E7D260D008FFB33 /* kapi-kaffeine.app */;
			productType = "com.apple.product-type.application";
		};
		C02AFE541E7D260D008FFB33 /* kapi-kaffeineTests */ = {
			isa = PBXNativeTarget;
			buildConfigurationList = C02AFE6C1E7D260D008FFB33 /* Build configuration list for PBXNativeTarget "kapi-kaffeineTests" */;
			buildPhases = (
				C02AFE511E7D260D008FFB33 /* Sources */,
				C02AFE521E7D260D008FFB33 /* Frameworks */,
				C02AFE531E7D260D008FFB33 /* Resources */,
			);
			buildRules = (
			);
			dependencies = (
				C02AFE571E7D260D008FFB33 /* PBXTargetDependency */,
			);
			name = "kapi-kaffeineTests";
			productName = "kapi-kaffeineTests";
			productReference = C02AFE551E7D260D008FFB33 /* kapi-kaffeineTests.xctest */;
			productType = "com.apple.product-type.bundle.unit-test";
		};
		C02AFE5F1E7D260D008FFB33 /* kapi-kaffeineUITests */ = {
			isa = PBXNativeTarget;
			buildConfigurationList = C02AFE6F1E7D260D008FFB33 /* Build configuration list for PBXNativeTarget "kapi-kaffeineUITests" */;
			buildPhases = (
				C02AFE5C1E7D260D008FFB33 /* Sources */,
				C02AFE5D1E7D260D008FFB33 /* Frameworks */,
				C02AFE5E1E7D260D008FFB33 /* Resources */,
			);
			buildRules = (
			);
			dependencies = (
				C02AFE621E7D260D008FFB33 /* PBXTargetDependency */,
			);
			name = "kapi-kaffeineUITests";
			productName = "kapi-kaffeineUITests";
			productReference = C02AFE601E7D260D008FFB33 /* kapi-kaffeineUITests.xctest */;
			productType = "com.apple.product-type.bundle.ui-testing";
		};
/* End PBXNativeTarget section */

/* Begin PBXProject section */
		C02AFE391E7D260D008FFB33 /* Project object */ = {
			isa = PBXProject;
			attributes = {
				LastSwiftUpdateCheck = 0820;
				LastUpgradeCheck = 0830;
				ORGANIZATIONNAME = "kapi-kaffeine";
				TargetAttributes = {
					C02AFE401E7D260D008FFB33 = {
						CreatedOnToolsVersion = 8.2.1;
						DevelopmentTeam = A43Y729CXH;
						ProvisioningStyle = Automatic;
					};
					C02AFE541E7D260D008FFB33 = {
						CreatedOnToolsVersion = 8.2.1;
						ProvisioningStyle = Automatic;
						TestTargetID = C02AFE401E7D260D008FFB33;
					};
					C02AFE5F1E7D260D008FFB33 = {
						CreatedOnToolsVersion = 8.2.1;
						ProvisioningStyle = Automatic;
						TestTargetID = C02AFE401E7D260D008FFB33;
					};
				};
			};
			buildConfigurationList = C02AFE3C1E7D260D008FFB33 /* Build configuration list for PBXProject "kapi-kaffeine" */;
			compatibilityVersion = "Xcode 3.2";
			developmentRegion = English;
			hasScannedForEncodings = 0;
			knownRegions = (
				en,
				Base,
			);
			mainGroup = C02AFE381E7D260D008FFB33;
			productRefGroup = C02AFE421E7D260D008FFB33 /* Products */;
			projectDirPath = "";
			projectRoot = "";
			targets = (
				C02AFE401E7D260D008FFB33 /* kapi-kaffeine */,
				C02AFE541E7D260D008FFB33 /* kapi-kaffeineTests */,
				C02AFE5F1E7D260D008FFB33 /* kapi-kaffeineUITests */,
			);
		};
/* End PBXProject section */

/* Begin PBXResourcesBuildPhase section */
		C02AFE3F1E7D260D008FFB33 /* Resources */ = {
			isa = PBXResourcesBuildPhase;
			buildActionMask = 2147483647;
			files = (
				C02AFE4F1E7D260D008FFB33 /* LaunchScreen.storyboard in Resources */,
				C02AFE4C1E7D260D008FFB33 /* Assets.xcassets in Resources */,
				C02AFE4A1E7D260D008FFB33 /* Main.storyboard in Resources */,
				C00CD5341E95234A00A3CB6F /* style.json in Resources */,
				C0409E1F1E954F1A00C302FF /* cafes.json in Resources */,
			);
			runOnlyForDeploymentPostprocessing = 0;
		};
		C02AFE531E7D260D008FFB33 /* Resources */ = {
			isa = PBXResourcesBuildPhase;
			buildActionMask = 2147483647;
			files = (
			);
			runOnlyForDeploymentPostprocessing = 0;
		};
		C02AFE5E1E7D260D008FFB33 /* Resources */ = {
			isa = PBXResourcesBuildPhase;
			buildActionMask = 2147483647;
			files = (
			);
			runOnlyForDeploymentPostprocessing = 0;
		};
/* End PBXResourcesBuildPhase section */

/* Begin PBXShellScriptBuildPhase section */
		1C2519745C54F46C9A5A4965 /* [CP] Copy Pods Resources */ = {
			isa = PBXShellScriptBuildPhase;
			buildActionMask = 2147483647;
			files = (
			);
			inputPaths = (
			);
			name = "[CP] Copy Pods Resources";
			outputPaths = (
			);
			runOnlyForDeploymentPostprocessing = 0;
			shellPath = /bin/sh;
			shellScript = "\"${SRCROOT}/../Pods/Target Support Files/Pods-kapi-kaffeine/Pods-kapi-kaffeine-resources.sh\"\n";
			showEnvVarsInLog = 0;
		};
		58F90679B69E9D32C74F8BAF /* [CP] Check Pods Manifest.lock */ = {
			isa = PBXShellScriptBuildPhase;
			buildActionMask = 2147483647;
			files = (
			);
			inputPaths = (
			);
			name = "[CP] Check Pods Manifest.lock";
			outputPaths = (
			);
			runOnlyForDeploymentPostprocessing = 0;
			shellPath = /bin/sh;
			shellScript = "diff \"${PODS_ROOT}/../Podfile.lock\" \"${PODS_ROOT}/Manifest.lock\" > /dev/null\nif [ $? != 0 ] ; then\n    # print error to STDERR\n    echo \"error: The sandbox is not in sync with the Podfile.lock. Run 'pod install' or update your CocoaPods installation.\" >&2\n    exit 1\nfi\n";
			showEnvVarsInLog = 0;
		};
		5C7BF539A61DEDBAA160731E /* [CP] Embed Pods Frameworks */ = {
			isa = PBXShellScriptBuildPhase;
			buildActionMask = 2147483647;
			files = (
			);
			inputPaths = (
			);
			name = "[CP] Embed Pods Frameworks";
			outputPaths = (
			);
			runOnlyForDeploymentPostprocessing = 0;
			shellPath = /bin/sh;
			shellScript = "\"${SRCROOT}/../Pods/Target Support Files/Pods-kapi-kaffeine/Pods-kapi-kaffeine-frameworks.sh\"\n";
			showEnvVarsInLog = 0;
		};
/* End PBXShellScriptBuildPhase section */

/* Begin PBXSourcesBuildPhase section */
		C02AFE3D1E7D260D008FFB33 /* Sources */ = {
			isa = PBXSourcesBuildPhase;
			buildActionMask = 2147483647;
			files = (
				776ACAF61E9BAFBF00B629A2 /* KPSearchTagView.swift in Sources */,
				C031E9071EA5F0BF00E87FB1 /* KPLocationManager.swift in Sources */,
				776ACAFA1E9BB01B00B629A2 /* KPMainListViewController.swift in Sources */,
				776ACB0B1E9C783E00B629A2 /* KPInformationViewController.swift in Sources */,
				77C0E0FA1E9D3D7500398852 /* KPSearchFooterCell.swift in Sources */,
				776ACB041E9BB8A900B629A2 /* KPSearchTagCell.swift in Sources */,
				77C0E10A1E9D493400398852 /* KPShopCommentInfoView.swift in Sources */,
				77C0E0FF1E9D48BC00398852 /* KPInformationSharedInfoView.swift in Sources */,
				776ACB011E9BB49E00B629A2 /* KPMainViewController.swift in Sources */,
				774209001EA67CE400C78A00 /* KPSliderMenuController.swift in Sources */,
				77B66FAE1EAD07F3008B6652 /* KPModalViewController.swift in Sources */,
				77C0E1021E9D48E000398852 /* KPShopInfoView.swift in Sources */,
				77B66FB01EAD17DA008B6652 /* KPSettingViewController.swift in Sources */,
				77C0E1051E9D48F500398852 /* KPShopLocationInfoView.swift in Sources */,
				776ACAF41E9BAFA200B629A2 /* KPSearchHeaderView.swift in Sources */,
				774208F11EA5F04B00C78A00 /* KPShopPhotoCell.swift in Sources */,
				77B66FA31EA91488008B6652 /* KPCityTableViewCell.swift in Sources */,
				774208F91EA675C800C78A00 /* KPCommentModel.swift in Sources */,
				C0B49D971EA13BC100BA95D8 /* KPMainMapViewCollectionCell.swift in Sources */,
				776ACB061E9BE33A00B629A2 /* KPMainListTableViewCell.swift in Sources */,
				776ACAFC1E9BB02D00B629A2 /* KPMainMapViewController.swift in Sources */,
				C02881CB1E9CF1E200776E28 /* KPMainMapMarkerInfoWindow.swift in Sources */,
				C02AFE471E7D260D008FFB33 /* ViewController.swift in Sources */,
				775989911EA5171A0029989C /* KPUIImageHelper.swift in Sources */,
				774208FE1EA679CB00C78A00 /* KPSideViewController.swift in Sources */,
				777DCC161EA789A90055525A /* KPInformationTranstion.swift in Sources */,
				77C0E0FD1E9D489900398852 /* KPInformationHeaderView.swift in Sources */,
				77C0E1081E9D491D00398852 /* KPShopRateInfoView.swift in Sources */,
				774208ED1EA5B97300C78A00 /* KPShopCommentCell.swift in Sources */,
				774208F71EA61D4400C78A00 /* KPShopRecommendView.swift in Sources */,
				777DCC141EA785730055525A /* KPPhotoTransition.swift in Sources */,
				C02AFE451E7D260D008FFB33 /* AppDelegate.swift in Sources */,
				776ACAF81E9BAFE900B629A2 /* KPSearchFooterView.swift in Sources */,
				778521811EA3C91C00EA59D9 /* KPInformationHeaderButton.swift in Sources */,
				77B66FA11EA91477008B6652 /* KPRegionTableViewCell.swift in Sources */,
				7730B5721EA8676F00D6CD55 /* KPInformationDismissTransition.swift in Sources */,
				77C0E10C1E9D494400398852 /* KPShopPhotoInfoView.swift in Sources */,
				77B66FA61EAA70F3008B6652 /* KPBounceButton.swift in Sources */,
				776ACB081E9BE51600B629A2 /* KPMainListCellFeatureContainer.swift in Sources */,
				77B66FA91EACF74C008B6652 /* KPPopoverSensingView.swift in Sources */,
				77FB63961E9AA7BB00FFC3DC /* KPDataModel.swift in Sources */,
				776ACAFF1E9BB1DE00B629A2 /* KPConstant.swift in Sources */,
			);
			runOnlyForDeploymentPostprocessing = 0;
		};
		C02AFE511E7D260D008FFB33 /* Sources */ = {
			isa = PBXSourcesBuildPhase;
			buildActionMask = 2147483647;
			files = (
				C02AFE5A1E7D260D008FFB33 /* kapi_kaffeineTests.swift in Sources */,
			);
			runOnlyForDeploymentPostprocessing = 0;
		};
		C02AFE5C1E7D260D008FFB33 /* Sources */ = {
			isa = PBXSourcesBuildPhase;
			buildActionMask = 2147483647;
			files = (
				C02AFE651E7D260D008FFB33 /* kapi_kaffeineUITests.swift in Sources */,
			);
			runOnlyForDeploymentPostprocessing = 0;
		};
/* End PBXSourcesBuildPhase section */

/* Begin PBXTargetDependency section */
		C02AFE571E7D260D008FFB33 /* PBXTargetDependency */ = {
			isa = PBXTargetDependency;
			target = C02AFE401E7D260D008FFB33 /* kapi-kaffeine */;
			targetProxy = C02AFE561E7D260D008FFB33 /* PBXContainerItemProxy */;
		};
		C02AFE621E7D260D008FFB33 /* PBXTargetDependency */ = {
			isa = PBXTargetDependency;
			target = C02AFE401E7D260D008FFB33 /* kapi-kaffeine */;
			targetProxy = C02AFE611E7D260D008FFB33 /* PBXContainerItemProxy */;
		};
/* End PBXTargetDependency section */

/* Begin PBXVariantGroup section */
		C02AFE481E7D260D008FFB33 /* Main.storyboard */ = {
			isa = PBXVariantGroup;
			children = (
				C02AFE491E7D260D008FFB33 /* Base */,
			);
			name = Main.storyboard;
			sourceTree = "<group>";
		};
		C02AFE4D1E7D260D008FFB33 /* LaunchScreen.storyboard */ = {
			isa = PBXVariantGroup;
			children = (
				C02AFE4E1E7D260D008FFB33 /* Base */,
			);
			name = LaunchScreen.storyboard;
			sourceTree = "<group>";
		};
/* End PBXVariantGroup section */

/* Begin XCBuildConfiguration section */
		C02AFE671E7D260D008FFB33 /* Debug */ = {
			isa = XCBuildConfiguration;
			buildSettings = {
				ALWAYS_SEARCH_USER_PATHS = NO;
				CLANG_ANALYZER_NONNULL = YES;
				CLANG_CXX_LANGUAGE_STANDARD = "gnu++0x";
				CLANG_CXX_LIBRARY = "libc++";
				CLANG_ENABLE_MODULES = YES;
				CLANG_ENABLE_OBJC_ARC = YES;
				CLANG_WARN_BOOL_CONVERSION = YES;
				CLANG_WARN_CONSTANT_CONVERSION = YES;
				CLANG_WARN_DIRECT_OBJC_ISA_USAGE = YES_ERROR;
				CLANG_WARN_DOCUMENTATION_COMMENTS = YES;
				CLANG_WARN_EMPTY_BODY = YES;
				CLANG_WARN_ENUM_CONVERSION = YES;
				CLANG_WARN_INFINITE_RECURSION = YES;
				CLANG_WARN_INT_CONVERSION = YES;
				CLANG_WARN_OBJC_ROOT_CLASS = YES_ERROR;
				CLANG_WARN_SUSPICIOUS_MOVE = YES;
				CLANG_WARN_UNREACHABLE_CODE = YES;
				CLANG_WARN__DUPLICATE_METHOD_MATCH = YES;
				"CODE_SIGN_IDENTITY[sdk=iphoneos*]" = "iPhone Developer";
				COPY_PHASE_STRIP = NO;
				DEBUG_INFORMATION_FORMAT = dwarf;
				ENABLE_STRICT_OBJC_MSGSEND = YES;
				ENABLE_TESTABILITY = YES;
				GCC_C_LANGUAGE_STANDARD = gnu99;
				GCC_DYNAMIC_NO_PIC = NO;
				GCC_NO_COMMON_BLOCKS = YES;
				GCC_OPTIMIZATION_LEVEL = 0;
				GCC_PREPROCESSOR_DEFINITIONS = (
					"DEBUG=1",
					"$(inherited)",
				);
				GCC_WARN_64_TO_32_BIT_CONVERSION = YES;
				GCC_WARN_ABOUT_RETURN_TYPE = YES_ERROR;
				GCC_WARN_UNDECLARED_SELECTOR = YES;
				GCC_WARN_UNINITIALIZED_AUTOS = YES_AGGRESSIVE;
				GCC_WARN_UNUSED_FUNCTION = YES;
				GCC_WARN_UNUSED_VARIABLE = YES;
				IPHONEOS_DEPLOYMENT_TARGET = 10.2;
				MTL_ENABLE_DEBUG_INFO = YES;
				ONLY_ACTIVE_ARCH = YES;
				SDKROOT = iphoneos;
				SWIFT_ACTIVE_COMPILATION_CONDITIONS = DEBUG;
				SWIFT_OPTIMIZATION_LEVEL = "-Onone";
				TARGETED_DEVICE_FAMILY = "1,2";
			};
			name = Debug;
		};
		C02AFE681E7D260D008FFB33 /* Release */ = {
			isa = XCBuildConfiguration;
			buildSettings = {
				ALWAYS_SEARCH_USER_PATHS = NO;
				CLANG_ANALYZER_NONNULL = YES;
				CLANG_CXX_LANGUAGE_STANDARD = "gnu++0x";
				CLANG_CXX_LIBRARY = "libc++";
				CLANG_ENABLE_MODULES = YES;
				CLANG_ENABLE_OBJC_ARC = YES;
				CLANG_WARN_BOOL_CONVERSION = YES;
				CLANG_WARN_CONSTANT_CONVERSION = YES;
				CLANG_WARN_DIRECT_OBJC_ISA_USAGE = YES_ERROR;
				CLANG_WARN_DOCUMENTATION_COMMENTS = YES;
				CLANG_WARN_EMPTY_BODY = YES;
				CLANG_WARN_ENUM_CONVERSION = YES;
				CLANG_WARN_INFINITE_RECURSION = YES;
				CLANG_WARN_INT_CONVERSION = YES;
				CLANG_WARN_OBJC_ROOT_CLASS = YES_ERROR;
				CLANG_WARN_SUSPICIOUS_MOVE = YES;
				CLANG_WARN_UNREACHABLE_CODE = YES;
				CLANG_WARN__DUPLICATE_METHOD_MATCH = YES;
				"CODE_SIGN_IDENTITY[sdk=iphoneos*]" = "iPhone Developer";
				COPY_PHASE_STRIP = NO;
				DEBUG_INFORMATION_FORMAT = "dwarf-with-dsym";
				ENABLE_NS_ASSERTIONS = NO;
				ENABLE_STRICT_OBJC_MSGSEND = YES;
				GCC_C_LANGUAGE_STANDARD = gnu99;
				GCC_NO_COMMON_BLOCKS = YES;
				GCC_WARN_64_TO_32_BIT_CONVERSION = YES;
				GCC_WARN_ABOUT_RETURN_TYPE = YES_ERROR;
				GCC_WARN_UNDECLARED_SELECTOR = YES;
				GCC_WARN_UNINITIALIZED_AUTOS = YES_AGGRESSIVE;
				GCC_WARN_UNUSED_FUNCTION = YES;
				GCC_WARN_UNUSED_VARIABLE = YES;
				IPHONEOS_DEPLOYMENT_TARGET = 10.2;
				MTL_ENABLE_DEBUG_INFO = NO;
				SDKROOT = iphoneos;
				SWIFT_OPTIMIZATION_LEVEL = "-Owholemodule";
				TARGETED_DEVICE_FAMILY = "1,2";
				VALIDATE_PRODUCT = YES;
			};
			name = Release;
		};
		C02AFE6A1E7D260D008FFB33 /* Debug */ = {
			isa = XCBuildConfiguration;
			baseConfigurationReference = CA73E4544076455C6DC0C065 /* Pods-kapi-kaffeine.debug.xcconfig */;
			buildSettings = {
				ALWAYS_EMBED_SWIFT_STANDARD_LIBRARIES = YES;
				ASSETCATALOG_COMPILER_APPICON_NAME = AppIcon;
				DEVELOPMENT_TEAM = A43Y729CXH;
				INFOPLIST_FILE = "kapi-kaffeine/Info.plist";
				LD_RUNPATH_SEARCH_PATHS = "$(inherited) @executable_path/Frameworks";
				PRODUCT_BUNDLE_IDENTIFIER = "com.kapi-kaffeine";
				PRODUCT_NAME = "$(TARGET_NAME)";
				SWIFT_VERSION = 3.0;
				TARGETED_DEVICE_FAMILY = 1;
			};
			name = Debug;
		};
		C02AFE6B1E7D260D008FFB33 /* Release */ = {
			isa = XCBuildConfiguration;
			baseConfigurationReference = 605CB2E5F236FDDFFE502CB5 /* Pods-kapi-kaffeine.release.xcconfig */;
			buildSettings = {
				ALWAYS_EMBED_SWIFT_STANDARD_LIBRARIES = YES;
				ASSETCATALOG_COMPILER_APPICON_NAME = AppIcon;
				DEVELOPMENT_TEAM = A43Y729CXH;
				INFOPLIST_FILE = "kapi-kaffeine/Info.plist";
				LD_RUNPATH_SEARCH_PATHS = "$(inherited) @executable_path/Frameworks";
				PRODUCT_BUNDLE_IDENTIFIER = "com.kapi-kaffeine";
				PRODUCT_NAME = "$(TARGET_NAME)";
				SWIFT_VERSION = 3.0;
				TARGETED_DEVICE_FAMILY = 1;
			};
			name = Release;
		};
		C02AFE6D1E7D260D008FFB33 /* Debug */ = {
			isa = XCBuildConfiguration;
			buildSettings = {
				ALWAYS_EMBED_SWIFT_STANDARD_LIBRARIES = YES;
				BUNDLE_LOADER = "$(TEST_HOST)";
				INFOPLIST_FILE = "kapi-kaffeineTests/Info.plist";
				LD_RUNPATH_SEARCH_PATHS = "$(inherited) @executable_path/Frameworks @loader_path/Frameworks";
				PRODUCT_BUNDLE_IDENTIFIER = "com.kapi-kaffeine.kapi-kaffeineTests";
				PRODUCT_NAME = "$(TARGET_NAME)";
				SWIFT_VERSION = 3.0;
				TEST_HOST = "$(BUILT_PRODUCTS_DIR)/kapi-kaffeine.app/kapi-kaffeine";
			};
			name = Debug;
		};
		C02AFE6E1E7D260D008FFB33 /* Release */ = {
			isa = XCBuildConfiguration;
			buildSettings = {
				ALWAYS_EMBED_SWIFT_STANDARD_LIBRARIES = YES;
				BUNDLE_LOADER = "$(TEST_HOST)";
				INFOPLIST_FILE = "kapi-kaffeineTests/Info.plist";
				LD_RUNPATH_SEARCH_PATHS = "$(inherited) @executable_path/Frameworks @loader_path/Frameworks";
				PRODUCT_BUNDLE_IDENTIFIER = "com.kapi-kaffeine.kapi-kaffeineTests";
				PRODUCT_NAME = "$(TARGET_NAME)";
				SWIFT_VERSION = 3.0;
				TEST_HOST = "$(BUILT_PRODUCTS_DIR)/kapi-kaffeine.app/kapi-kaffeine";
			};
			name = Release;
		};
		C02AFE701E7D260D008FFB33 /* Debug */ = {
			isa = XCBuildConfiguration;
			buildSettings = {
				ALWAYS_EMBED_SWIFT_STANDARD_LIBRARIES = YES;
				INFOPLIST_FILE = "kapi-kaffeineUITests/Info.plist";
				LD_RUNPATH_SEARCH_PATHS = "$(inherited) @executable_path/Frameworks @loader_path/Frameworks";
				PRODUCT_BUNDLE_IDENTIFIER = "com.kapi-kaffeine.kapi-kaffeineUITests";
				PRODUCT_NAME = "$(TARGET_NAME)";
				SWIFT_VERSION = 3.0;
				TEST_TARGET_NAME = "kapi-kaffeine";
			};
			name = Debug;
		};
		C02AFE711E7D260D008FFB33 /* Release */ = {
			isa = XCBuildConfiguration;
			buildSettings = {
				ALWAYS_EMBED_SWIFT_STANDARD_LIBRARIES = YES;
				INFOPLIST_FILE = "kapi-kaffeineUITests/Info.plist";
				LD_RUNPATH_SEARCH_PATHS = "$(inherited) @executable_path/Frameworks @loader_path/Frameworks";
				PRODUCT_BUNDLE_IDENTIFIER = "com.kapi-kaffeine.kapi-kaffeineUITests";
				PRODUCT_NAME = "$(TARGET_NAME)";
				SWIFT_VERSION = 3.0;
				TEST_TARGET_NAME = "kapi-kaffeine";
			};
			name = Release;
		};
/* End XCBuildConfiguration section */

/* Begin XCConfigurationList section */
		C02AFE3C1E7D260D008FFB33 /* Build configuration list for PBXProject "kapi-kaffeine" */ = {
			isa = XCConfigurationList;
			buildConfigurations = (
				C02AFE671E7D260D008FFB33 /* Debug */,
				C02AFE681E7D260D008FFB33 /* Release */,
			);
			defaultConfigurationIsVisible = 0;
			defaultConfigurationName = Release;
		};
		C02AFE691E7D260D008FFB33 /* Build configuration list for PBXNativeTarget "kapi-kaffeine" */ = {
			isa = XCConfigurationList;
			buildConfigurations = (
				C02AFE6A1E7D260D008FFB33 /* Debug */,
				C02AFE6B1E7D260D008FFB33 /* Release */,
			);
			defaultConfigurationIsVisible = 0;
			defaultConfigurationName = Release;
		};
		C02AFE6C1E7D260D008FFB33 /* Build configuration list for PBXNativeTarget "kapi-kaffeineTests" */ = {
			isa = XCConfigurationList;
			buildConfigurations = (
				C02AFE6D1E7D260D008FFB33 /* Debug */,
				C02AFE6E1E7D260D008FFB33 /* Release */,
			);
			defaultConfigurationIsVisible = 0;
			defaultConfigurationName = Release;
		};
		C02AFE6F1E7D260D008FFB33 /* Build configuration list for PBXNativeTarget "kapi-kaffeineUITests" */ = {
			isa = XCConfigurationList;
			buildConfigurations = (
				C02AFE701E7D260D008FFB33 /* Debug */,
				C02AFE711E7D260D008FFB33 /* Release */,
			);
			defaultConfigurationIsVisible = 0;
			defaultConfigurationName = Release;
		};
/* End XCConfigurationList section */
	};
	rootObject = C02AFE391E7D260D008FFB33 /* Project object */;
}
